// !$*UTF8*$!
{
	archiveVersion = 1;
	classes = {
	};
	objectVersion = 48;
	objects = {

/* Begin PBXBuildFile section */
		845EC8F61F768DDF00CB6963 /* GoogLeNetPlaces.mlmodel in Sources */ = {isa = PBXBuildFile; fileRef = 845EC8F51F768AFC00CB6963 /* GoogLeNetPlaces.mlmodel */; };
		845EC8F71F768E2400CB6963 /* test.jpg in Resources */ = {isa = PBXBuildFile; fileRef = 845EC8F41F768AEE00CB6963 /* test.jpg */; };
		84EDED361F76899A00E5A2E5 /* AppDelegate.swift in Sources */ = {isa = PBXBuildFile; fileRef = 84EDED351F76899A00E5A2E5 /* AppDelegate.swift */; };
		84EDED381F76899A00E5A2E5 /* ViewController.swift in Sources */ = {isa = PBXBuildFile; fileRef = 84EDED371F76899A00E5A2E5 /* ViewController.swift */; };
		84EDED3B1F76899A00E5A2E5 /* Main.storyboard in Resources */ = {isa = PBXBuildFile; fileRef = 84EDED391F76899A00E5A2E5 /* Main.storyboard */; };
		84EDED3D1F76899A00E5A2E5 /* Assets.xcassets in Resources */ = {isa = PBXBuildFile; fileRef = 84EDED3C1F76899A00E5A2E5 /* Assets.xcassets */; };
		84EDED401F76899A00E5A2E5 /* LaunchScreen.storyboard in Resources */ = {isa = PBXBuildFile; fileRef = 84EDED3E1F76899A00E5A2E5 /* LaunchScreen.storyboard */; };
/* End PBXBuildFile section */

/* Begin PBXFileReference section */
		845EC8F41F768AEE00CB6963 /* test.jpg */ = {isa = PBXFileReference; lastKnownFileType = image.jpeg; path = test.jpg; sourceTree = "<group>"; };
		845EC8F51F768AFC00CB6963 /* GoogLeNetPlaces.mlmodel */ = {isa = PBXFileReference; lastKnownFileType = file.mlmodel; path = GoogLeNetPlaces.mlmodel; sourceTree = "<group>"; };
		84EDED321F76899A00E5A2E5 /* DemoML.app */ = {isa = PBXFileReference; explicitFileType = wrapper.application; includeInIndex = 0; path = DemoML.app; sourceTree = BUILT_PRODUCTS_DIR; };
		84EDED351F76899A00E5A2E5 /* AppDelegate.swift */ = {isa = PBXFileReference; lastKnownFileType = sourcecode.swift; path = AppDelegate.swift; sourceTree = "<group>"; };
		84EDED371F76899A00E5A2E5 /* ViewController.swift */ = {isa = PBXFileReference; lastKnownFileType = sourcecode.swift; path = ViewController.swift; sourceTree = "<group>"; };
		84EDED3A1F76899A00E5A2E5 /* Base */ = {isa = PBXFileReference; lastKnownFileType = file.storyboard; name = Base; path = Base.lproj/Main.storyboard; sourceTree = "<group>"; };
		84EDED3C1F76899A00E5A2E5 /* Assets.xcassets */ = {isa = PBXFileReference; lastKnownFileType = folder.assetcatalog; path = Assets.xcassets; sourceTree = "<group>"; };
		84EDED3F1F76899A00E5A2E5 /* Base */ = {isa = PBXFileReference; lastKnownFileType = file.storyboard; name = Base; path = Base.lproj/LaunchScreen.storyboard; sourceTree = "<group>"; };
		84EDED411F76899A00E5A2E5 /* Info.plist */ = {isa = PBXFileReference; lastKnownFileType = text.plist.xml; path = Info.plist; sourceTree = "<group>"; };
/* End PBXFileReference section */

/* Begin PBXFrameworksBuildPhase section */
		84EDED2F1F76899A00E5A2E5 /* Frameworks */ = {
			isa = PBXFrameworksBuildPhase;
			buildActionMask = 2147483647;
			files = (
			);
			runOnlyForDeploymentPostprocessing = 0;
		};
/* End PBXFrameworksBuildPhase section */

/* Begin PBXGroup section */
		84EDED291F76899A00E5A2E5 = {
			isa = PBXGroup;
			children = (
				84EDED341F76899A00E5A2E5 /* DemoML */,
				84EDED331F76899A00E5A2E5 /* Products */,
			);
			sourceTree = "<group>";
		};
		84EDED331F76899A00E5A2E5 /* Products */ = {
			isa = PBXGroup;
			children = (
				84EDED321F76899A00E5A2E5 /* DemoML.app */,
			);
			name = Products;
			sourceTree = "<group>";
		};
		84EDED341F76899A00E5A2E5 /* DemoML */ = {
			isa = PBXGroup;
			children = (
				84EDED351F76899A00E5A2E5 /* AppDelegate.swift */,
				84EDED371F76899A00E5A2E5 /* ViewController.swift */,
				84EDED391F76899A00E5A2E5 /* Main.storyboard */,
				84EDED3C1F76899A00E5A2E5 /* Assets.xcassets */,
				84EDED3E1F76899A00E5A2E5 /* LaunchScreen.storyboard */,
				84EDED411F76899A00E5A2E5 /* Info.plist */,
				845EC8F41F768AEE00CB6963 /* test.jpg */,
				845EC8F51F768AFC00CB6963 /* GoogLeNetPlaces.mlmodel */,
			);
			path = DemoML;
			sourceTree = "<group>";
		};
/* End PBXGroup section */

/* Begin PBXNativeTarget section */
		84EDED311F76899A00E5A2E5 /* DemoML */ = {
			isa = PBXNativeTarget;
			buildConfigurationList = 84EDED441F76899A00E5A2E5 /* Build configuration list for PBXNativeTarget "DemoML" */;
			buildPhases = (
				84EDED2E1F76899A00E5A2E5 /* Sources */,
				84EDED2F1F76899A00E5A2E5 /* Frameworks */,
				84EDED301F76899A00E5A2E5 /* Resources */,
			);
			buildRules = (
			);
			dependencies = (
			);
			name = DemoML;
			productName = DemoML;
			productReference = 84EDED321F76899A00E5A2E5 /* DemoML.app */;
			productType = "com.apple.product-type.application";
		};
/* End PBXNativeTarget section */

/* Begin PBXProject section */
		84EDED2A1F76899A00E5A2E5 /* Project object */ = {
			isa = PBXProject;
			attributes = {
				LastSwiftUpdateCheck = 0900;
				LastUpgradeCheck = 0900;
				ORGANIZATIONNAME = "Tinnell, Clay";
				TargetAttributes = {
					84EDED311F76899A00E5A2E5 = {
						CreatedOnToolsVersion = 9.0;
						ProvisioningStyle = Automatic;
					};
				};
			};
			buildConfigurationList = 84EDED2D1F76899A00E5A2E5 /* Build configuration list for PBXProject "DemoML" */;
			compatibilityVersion = "Xcode 8.0";
			developmentRegion = en;
			hasScannedForEncodings = 0;
			knownRegions = (
				en,
				Base,
			);
			mainGroup = 84EDED291F76899A00E5A2E5;
			productRefGroup = 84EDED331F76899A00E5A2E5 /* Products */;
			projectDirPath = "";
			projectRoot = "";
			targets = (
				84EDED311F76899A00E5A2E5 /* DemoML */,
			);
		};
/* End PBXProject section */

/* Begin PBXResourcesBuildPhase section */
		84EDED301F76899A00E5A2E5 /* Resources */ = {
			isa = PBXResourcesBuildPhase;
			buildActionMask = 2147483647;
			files = (
				84EDED401F76899A00E5A2E5 /* LaunchScreen.storyboard in Resources */,
				84EDED3D1F76899A00E5A2E5 /* Assets.xcassets in Resources */,
				84EDED3B1F76899A00E5A2E5 /* Main.storyboard in Resources */,
				845EC8F71F768E2400CB6963 /* test.jpg in Resources */,
			);
			runOnlyForDeploymentPostprocessing = 0;
		};
/* End PBXResourcesBuildPhase section */

/* Begin PBXSourcesBuildPhase section */
		84EDED2E1F76899A00E5A2E5 /* Sources */ = {
			isa = PBXSourcesBuildPhase;
			buildActionMask = 2147483647;
			files = (
				84EDED381F76899A00E5A2E5 /* ViewController.swift in Sources */,
				84EDED361F76899A00E5A2E5 /* AppDelegate.swift in Sources */,
				845EC8F61F768DDF00CB6963 /* GoogLeNetPlaces.mlmodel in Sources */,
			);
			runOnlyForDeploymentPostprocessing = 0;
		};
/* End PBXSourcesBuildPhase section */

/* Begin PBXVariantGroup section */
		84EDED391F76899A00E5A2E5 /* Main.storyboard */ = {
			isa = PBXVariantGroup;
			children = (
				84EDED3A1F76899A00E5A2E5 /* Base */,
			);
			name = Main.storyboard;
			sourceTree = "<group>";
		};
		84EDED3E1F76899A00E5A2E5 /* LaunchScreen.storyboard */ = {
			isa = PBXVariantGroup;
			children = (
				84EDED3F1F76899A00E5A2E5 /* Base */,
			);
			name = LaunchScreen.storyboard;
			sourceTree = "<group>";
		};
/* End PBXVariantGroup section */

/* Begin XCBuildConfiguration section */
		84EDED421F76899A00E5A2E5 /* Debug */ = {
			isa = XCBuildConfiguration;
			buildSettings = {
				ALWAYS_SEARCH_USER_PATHS = NO;
				CLANG_ANALYZER_NONNULL = YES;
				CLANG_ANALYZER_NUMBER_OBJECT_CONVERSION = YES_AGGRESSIVE;
				CLANG_CXX_LANGUAGE_STANDARD = "gnu++14";
				CLANG_CXX_LIBRARY = "libc++";
				CLANG_ENABLE_MODULES = YES;
				CLANG_ENABLE_OBJC_ARC = YES;
				CLANG_WARN_BLOCK_CAPTURE_AUTORELEASING = YES;
				CLANG_WARN_BOOL_CONVERSION = YES;
				CLANG_WARN_COMMA = YES;
				CLANG_WARN_CONSTANT_CONVERSION = YES;
				CLANG_WARN_DIRECT_OBJC_ISA_USAGE = YES_ERROR;
				CLANG_WARN_DOCUMENTATION_COMMENTS = YES;
				CLANG_WARN_EMPTY_BODY = YES;
				CLANG_WARN_ENUM_CONVERSION = YES;
				CLANG_WARN_INFINITE_RECURSION = YES;
				CLANG_WARN_INT_CONVERSION = YES;
				CLANG_WARN_NON_LITERAL_NULL_CONVERSION = YES;
				CLANG_WARN_OBJC_LITERAL_CONVERSION = YES;
				CLANG_WARN_OBJC_ROOT_CLASS = YES_ERROR;
				CLANG_WARN_RANGE_LOOP_ANALYSIS = YES;
				CLANG_WARN_STRICT_PROTOTYPES = YES;
				CLANG_WARN_SUSPICIOUS_MOVE = YES;
				CLANG_WARN_UNGUARDED_AVAILABILITY = YES_AGGRESSIVE;
				CLANG_WARN_UNREACHABLE_CODE = YES;
				CLANG_WARN__DUPLICATE_METHOD_MATCH = YES;
				CODE_SIGN_IDENTITY = "iPhone Developer";
				COPY_PHASE_STRIP = NO;
				DEBUG_INFORMATION_FORMAT = dwarf;
				ENABLE_STRICT_OBJC_MSGSEND = YES;
				ENABLE_TESTABILITY = YES;
				GCC_C_LANGUAGE_STANDARD = gnu11;
				GCC_DYNAMIC_NO_PIC = NO;
				GCC_NO_COMMON_BLOCKS = YES;
				GCC_OPTIMIZATION_LEVEL = 0;
				GCC_PREPROCESSOR_DEFINITIONS = (
					"DEBUG=1",
					"$(inherited)",
				);
				GCC_WARN_64_TO_32_BIT_CONVERSION = YES;
				GCC_WARN_ABOUT_RETURN_TYPE = YES_ERROR;
				GCC_WARN_UNDECLARED_SELECTOR = YES;
				GCC_WARN_UNINITIALIZED_AUTOS = YES_AGGRESSIVE;
				GCC_WARN_UNUSED_FUNCTION = YES;
				GCC_WARN_UNUSED_VARIABLE = YES;
				IPHONEOS_DEPLOYMENT_TARGET = 11.0;
				MTL_ENABLE_DEBUG_INFO = YES;
				ONLY_ACTIVE_ARCH = YES;
				SDKROOT = iphoneos;
				SWIFT_ACTIVE_COMPILATION_CONDITIONS = DEBUG;
				SWIFT_OPTIMIZATION_LEVEL = "-Onone";
			};
			name = Debug;
		};
		84EDED431F76899A00E5A2E5 /* Release */ = {
			isa = XCBuildConfiguration;
			buildSettings = {
				ALWAYS_SEARCH_USER_PATHS = NO;
				CLANG_ANALYZER_NONNULL = YES;
				CLANG_ANALYZER_NUMBER_OBJECT_CONVERSION = YES_AGGRESSIVE;
				CLANG_CXX_LANGUAGE_STANDARD = "gnu++14";
				CLANG_CXX_LIBRARY = "libc++";
				CLANG_ENABLE_MODULES = YES;
				CLANG_ENABLE_OBJC_ARC = YES;
				CLANG_WARN_BLOCK_CAPTURE_AUTORELEASING = YES;
				CLANG_WARN_BOOL_CONVERSION = YES;
				CLANG_WARN_COMMA = YES;
				CLANG_WARN_CONSTANT_CONVERSION = YES;
				CLANG_WARN_DIRECT_OBJC_ISA_USAGE = YES_ERROR;
				CLANG_WARN_DOCUMENTATION_COMMENTS = YES;
				CLANG_WARN_EMPTY_BODY = YES;
				CLANG_WARN_ENUM_CONVERSION = YES;
				CLANG_WARN_INFINITE_RECURSION = YES;
				CLANG_WARN_INT_CONVERSION = YES;
				CLANG_WARN_NON_LITERAL_NULL_CONVERSION = YES;
				CLANG_WARN_OBJC_LITERAL_CONVERSION = YES;
				CLANG_WARN_OBJC_ROOT_CLASS = YES_ERROR;
				CLANG_WARN_RANGE_LOOP_ANALYSIS = YES;
				CLANG_WARN_STRICT_PROTOTYPES = YES;
				CLANG_WARN_SUSPICIOUS_MOVE = YES;
				CLANG_WARN_UNGUARDED_AVAILABILITY = YES_AGGRESSIVE;
				CLANG_WARN_UNREACHABLE_CODE = YES;
				CLANG_WARN__DUPLICATE_METHOD_MATCH = YES;
				CODE_SIGN_IDENTITY = "iPhone Developer";
				COPY_PHASE_STRIP = NO;
				DEBUG_INFORMATION_FORMAT = "dwarf-with-dsym";
				ENABLE_NS_ASSERTIONS = NO;
				ENABLE_STRICT_OBJC_MSGSEND = YES;
				GCC_C_LANGUAGE_STANDARD = gnu11;
				GCC_NO_COMMON_BLOCKS = YES;
				GCC_WARN_64_TO_32_BIT_CONVERSION = YES;
				GCC_WARN_ABOUT_RETURN_TYPE = YES_ERROR;
				GCC_WARN_UNDECLARED_SELECTOR = YES;
				GCC_WARN_UNINITIALIZED_AUTOS = YES_AGGRESSIVE;
				GCC_WARN_UNUSED_FUNCTION = YES;
				GCC_WARN_UNUSED_VARIABLE = YES;
				IPHONEOS_DEPLOYMENT_TARGET = 11.0;
				MTL_ENABLE_DEBUG_INFO = NO;
				SDKROOT = iphoneos;
				SWIFT_OPTIMIZATION_LEVEL = "-Owholemodule";
				VALIDATE_PRODUCT = YES;
			};
			name = Release;
		};
		84EDED451F76899A00E5A2E5 /* Debug */ = {
			isa = XCBuildConfiguration;
			buildSettings = {
				ASSETCATALOG_COMPILER_APPICON_NAME = AppIcon;
				CODE_SIGN_STYLE = Automatic;
				INFOPLIST_FILE = DemoML/Info.plist;
				LD_RUNPATH_SEARCH_PATHS = "$(inherited) @executable_path/Frameworks";
				PRODUCT_BUNDLE_IDENTIFIER = com.ctinnell.DemoML;
				PRODUCT_NAME = "$(TARGET_NAME)";
				SWIFT_VERSION = 4.0;
				TARGETED_DEVICE_FAMILY = "1,2";
			};
			name = Debug;
		};
		84EDED461F76899A00E5A2E5 /* Release */ = {
			isa = XCBuildConfiguration;
			buildSettings = {
				ASSETCATALOG_COMPILER_APPICON_NAME = AppIcon;
				CODE_SIGN_STYLE = Automatic;
				INFOPLIST_FILE = DemoML/Info.plist;
				LD_RUNPATH_SEARCH_PATHS = "$(inherited) @executable_path/Frameworks";
				PRODUCT_BUNDLE_IDENTIFIER = com.ctinnell.DemoML;
				PRODUCT_NAME = "$(TARGET_NAME)";
				SWIFT_VERSION = 4.0;
				TARGETED_DEVICE_FAMILY = "1,2";
			};
			name = Release;
		};
/* End XCBuildConfiguration section */

/* Begin XCConfigurationList section */
		84EDED2D1F76899A00E5A2E5 /* Build configuration list for PBXProject "DemoML" */ = {
			isa = XCConfigurationList;
			buildConfigurations = (
				84EDED421F76899A00E5A2E5 /* Debug */,
				84EDED431F76899A00E5A2E5 /* Release */,
			);
			defaultConfigurationIsVisible = 0;
			defaultConfigurationName = Release;
		};
		84EDED441F76899A00E5A2E5 /* Build configuration list for PBXNativeTarget "DemoML" */ = {
			isa = XCConfigurationList;
			buildConfigurations = (
				84EDED451F76899A00E5A2E5 /* Debug */,
				84EDED461F76899A00E5A2E5 /* Release */,
			);
			defaultConfigurationIsVisible = 0;
			defaultConfigurationName = Release;
		};
/* End XCConfigurationList section */
	};
	rootObject = 84EDED2A1F76899A00E5A2E5 /* Project object */;
}
